// !$*UTF8*$!
{
	archiveVersion = 1;
	classes = {
	};
	objectVersion = 56;
	objects = {

/* Begin PBXBuildFile section */
		6C1E385ABBF8A7C5FE15B0BB /* Pods_TestProject.framework in Frameworks */ = {isa = PBXBuildFile; fileRef = E2FE858A67CE756A44B1625F /* Pods_TestProject.framework */; };
		844ECD0E2A2B77CD0078564C /* ImageCache.swift in Sources */ = {isa = PBXBuildFile; fileRef = 844ECD0D2A2B77CD0078564C /* ImageCache.swift */; };
		845191B72A2B8CF5007188C7 /* PopupViewController.swift in Sources */ = {isa = PBXBuildFile; fileRef = 845191B52A2B8CF5007188C7 /* PopupViewController.swift */; };
		845191B82A2B8CF5007188C7 /* PopupViewController.xib in Resources */ = {isa = PBXBuildFile; fileRef = 845191B62A2B8CF5007188C7 /* PopupViewController.xib */; };
		8465303F2A2AE484004544F0 /* AppDelegate.swift in Sources */ = {isa = PBXBuildFile; fileRef = 8465303E2A2AE484004544F0 /* AppDelegate.swift */; };
		846530432A2AE484004544F0 /* WelcomeViewController.swift in Sources */ = {isa = PBXBuildFile; fileRef = 846530422A2AE484004544F0 /* WelcomeViewController.swift */; };
		846530462A2AE484004544F0 /* Main.storyboard in Resources */ = {isa = PBXBuildFile; fileRef = 846530442A2AE484004544F0 /* Main.storyboard */; };
		846530482A2AE485004544F0 /* Assets.xcassets in Resources */ = {isa = PBXBuildFile; fileRef = 846530472A2AE485004544F0 /* Assets.xcassets */; };
		8465304B2A2AE485004544F0 /* LaunchScreen.storyboard in Resources */ = {isa = PBXBuildFile; fileRef = 846530492A2AE485004544F0 /* LaunchScreen.storyboard */; };
		846530532A2AE4BE004544F0 /* SplashViewController.swift in Sources */ = {isa = PBXBuildFile; fileRef = 846530522A2AE4BE004544F0 /* SplashViewController.swift */; };
		8465305B2A2AE93F004544F0 /* BaseViewController.swift in Sources */ = {isa = PBXBuildFile; fileRef = 8465305A2A2AE93F004544F0 /* BaseViewController.swift */; };
		84A6CDEA2A2B144700D9DCC9 /* WelcomeViewModel.swift in Sources */ = {isa = PBXBuildFile; fileRef = 84A6CDE92A2B144700D9DCC9 /* WelcomeViewModel.swift */; };
		84A6CDEC2A2B15A100D9DCC9 /* WelcomeViewController+Extension.swift in Sources */ = {isa = PBXBuildFile; fileRef = 84A6CDEB2A2B15A100D9DCC9 /* WelcomeViewController+Extension.swift */; };
		84A6CDF02A2B161D00D9DCC9 /* WelcomeTableViewCell.swift in Sources */ = {isa = PBXBuildFile; fileRef = 84A6CDEE2A2B161D00D9DCC9 /* WelcomeTableViewCell.swift */; };
		84A6CDF12A2B161D00D9DCC9 /* WelcomeTableViewCell.xib in Resources */ = {isa = PBXBuildFile; fileRef = 84A6CDEF2A2B161D00D9DCC9 /* WelcomeTableViewCell.xib */; };
		84A6CDF42A2B17FE00D9DCC9 /* Constans.swift in Sources */ = {isa = PBXBuildFile; fileRef = 84A6CDF32A2B17FE00D9DCC9 /* Constans.swift */; };
		84A6CDF72A2B1C4B00D9DCC9 /* URLConstants.swift in Sources */ = {isa = PBXBuildFile; fileRef = 84A6CDF62A2B1C4B00D9DCC9 /* URLConstants.swift */; };
		84A6CDF92A2B20AE00D9DCC9 /* WelcomeModel.swift in Sources */ = {isa = PBXBuildFile; fileRef = 84A6CDF82A2B20AE00D9DCC9 /* WelcomeModel.swift */; };
/* End PBXBuildFile section */

/* Begin PBXFileReference section */
		844ECD0D2A2B77CD0078564C /* ImageCache.swift */ = {isa = PBXFileReference; lastKnownFileType = sourcecode.swift; path = ImageCache.swift; sourceTree = "<group>"; };
		845191B52A2B8CF5007188C7 /* PopupViewController.swift */ = {isa = PBXFileReference; lastKnownFileType = sourcecode.swift; path = PopupViewController.swift; sourceTree = "<group>"; };
		845191B62A2B8CF5007188C7 /* PopupViewController.xib */ = {isa = PBXFileReference; lastKnownFileType = file.xib; path = PopupViewController.xib; sourceTree = "<group>"; };
		8465303B2A2AE484004544F0 /* TestProject.app */ = {isa = PBXFileReference; explicitFileType = wrapper.application; includeInIndex = 0; path = TestProject.app; sourceTree = BUILT_PRODUCTS_DIR; };
		8465303E2A2AE484004544F0 /* AppDelegate.swift */ = {isa = PBXFileReference; lastKnownFileType = sourcecode.swift; path = AppDelegate.swift; sourceTree = "<group>"; };
		846530422A2AE484004544F0 /* WelcomeViewController.swift */ = {isa = PBXFileReference; lastKnownFileType = sourcecode.swift; path = WelcomeViewController.swift; sourceTree = "<group>"; };
		846530452A2AE484004544F0 /* Base */ = {isa = PBXFileReference; lastKnownFileType = file.storyboard; name = Base; path = Base.lproj/Main.storyboard; sourceTree = "<group>"; };
		846530472A2AE485004544F0 /* Assets.xcassets */ = {isa = PBXFileReference; lastKnownFileType = folder.assetcatalog; path = Assets.xcassets; sourceTree = "<group>"; };
		8465304A2A2AE485004544F0 /* Base */ = {isa = PBXFileReference; lastKnownFileType = file.storyboard; name = Base; path = Base.lproj/LaunchScreen.storyboard; sourceTree = "<group>"; };
		8465304C2A2AE485004544F0 /* Info.plist */ = {isa = PBXFileReference; lastKnownFileType = text.plist.xml; path = Info.plist; sourceTree = "<group>"; };
		846530522A2AE4BE004544F0 /* SplashViewController.swift */ = {isa = PBXFileReference; lastKnownFileType = sourcecode.swift; path = SplashViewController.swift; sourceTree = "<group>"; };
		8465305A2A2AE93F004544F0 /* BaseViewController.swift */ = {isa = PBXFileReference; lastKnownFileType = sourcecode.swift; path = BaseViewController.swift; sourceTree = "<group>"; };
		84A6CDE92A2B144700D9DCC9 /* WelcomeViewModel.swift */ = {isa = PBXFileReference; lastKnownFileType = sourcecode.swift; path = WelcomeViewModel.swift; sourceTree = "<group>"; };
		84A6CDEB2A2B15A100D9DCC9 /* WelcomeViewController+Extension.swift */ = {isa = PBXFileReference; lastKnownFileType = sourcecode.swift; path = "WelcomeViewController+Extension.swift"; sourceTree = "<group>"; };
		84A6CDEE2A2B161D00D9DCC9 /* WelcomeTableViewCell.swift */ = {isa = PBXFileReference; lastKnownFileType = sourcecode.swift; path = WelcomeTableViewCell.swift; sourceTree = "<group>"; };
		84A6CDEF2A2B161D00D9DCC9 /* WelcomeTableViewCell.xib */ = {isa = PBXFileReference; lastKnownFileType = file.xib; path = WelcomeTableViewCell.xib; sourceTree = "<group>"; };
		84A6CDF32A2B17FE00D9DCC9 /* Constans.swift */ = {isa = PBXFileReference; lastKnownFileType = sourcecode.swift; path = Constans.swift; sourceTree = "<group>"; };
		84A6CDF62A2B1C4B00D9DCC9 /* URLConstants.swift */ = {isa = PBXFileReference; lastKnownFileType = sourcecode.swift; path = URLConstants.swift; sourceTree = "<group>"; };
		84A6CDF82A2B20AE00D9DCC9 /* WelcomeModel.swift */ = {isa = PBXFileReference; lastKnownFileType = sourcecode.swift; path = WelcomeModel.swift; sourceTree = "<group>"; };
		A0D5276EBE3420B594782A32 /* Pods-TestProject.release.xcconfig */ = {isa = PBXFileReference; includeInIndex = 1; lastKnownFileType = text.xcconfig; name = "Pods-TestProject.release.xcconfig"; path = "Target Support Files/Pods-TestProject/Pods-TestProject.release.xcconfig"; sourceTree = "<group>"; };
		E2FE858A67CE756A44B1625F /* Pods_TestProject.framework */ = {isa = PBXFileReference; explicitFileType = wrapper.framework; includeInIndex = 0; path = Pods_TestProject.framework; sourceTree = BUILT_PRODUCTS_DIR; };
		E518F4FA1FEE0E484497B1C9 /* Pods-TestProject.debug.xcconfig */ = {isa = PBXFileReference; includeInIndex = 1; lastKnownFileType = text.xcconfig; name = "Pods-TestProject.debug.xcconfig"; path = "Target Support Files/Pods-TestProject/Pods-TestProject.debug.xcconfig"; sourceTree = "<group>"; };
/* End PBXFileReference section */

/* Begin PBXFrameworksBuildPhase section */
		846530382A2AE484004544F0 /* Frameworks */ = {
			isa = PBXFrameworksBuildPhase;
			buildActionMask = 2147483647;
			files = (
				6C1E385ABBF8A7C5FE15B0BB /* Pods_TestProject.framework in Frameworks */,
			);
			runOnlyForDeploymentPostprocessing = 0;
		};
/* End PBXFrameworksBuildPhase section */

/* Begin PBXGroup section */
		7F48D19B6D1A6A54A0FC50A0 /* Pods */ = {
			isa = PBXGroup;
			children = (
				E518F4FA1FEE0E484497B1C9 /* Pods-TestProject.debug.xcconfig */,
				A0D5276EBE3420B594782A32 /* Pods-TestProject.release.xcconfig */,
			);
			path = Pods;
			sourceTree = "<group>";
		};
		845191B02A2B892D007188C7 /* Popup View */ = {
			isa = PBXGroup;
			children = (
				845191B92A2B9B1D007188C7 /* Views */,
			);
			name = "Popup View";
			sourceTree = "<group>";
		};
		845191B92A2B9B1D007188C7 /* Views */ = {
			isa = PBXGroup;
			children = (
				845191B52A2B8CF5007188C7 /* PopupViewController.swift */,
				845191B62A2B8CF5007188C7 /* PopupViewController.xib */,
			);
			name = Views;
			sourceTree = "<group>";
		};
		846530322A2AE484004544F0 = {
			isa = PBXGroup;
			children = (
				8465303D2A2AE484004544F0 /* TestProject */,
				8465303C2A2AE484004544F0 /* Products */,
				7F48D19B6D1A6A54A0FC50A0 /* Pods */,
				CA5B61D4963734C9100DBF12 /* Frameworks */,
			);
			sourceTree = "<group>";
		};
		8465303C2A2AE484004544F0 /* Products */ = {
			isa = PBXGroup;
			children = (
				8465303B2A2AE484004544F0 /* TestProject.app */,
			);
			name = Products;
			sourceTree = "<group>";
		};
		8465303D2A2AE484004544F0 /* TestProject */ = {
			isa = PBXGroup;
			children = (
				846530562A2AE8B3004544F0 /* AppDelegate */,
				84A6CDF52A2B1C3B00D9DCC9 /* WebService Handler */,
				84A6CDF22A2B17F100D9DCC9 /* Helpers */,
				846530592A2AE927004544F0 /* BaseClasses */,
				846530542A2AE626004544F0 /* SplashScreen */,
				845191B02A2B892D007188C7 /* Popup View */,
				846530572A2AE8C5004544F0 /* WelcomeScreen */,
				846530442A2AE484004544F0 /* Main.storyboard */,
				846530472A2AE485004544F0 /* Assets.xcassets */,
				846530492A2AE485004544F0 /* LaunchScreen.storyboard */,
				846530582A2AE8D2004544F0 /* Plist Files */,
			);
			path = TestProject;
			sourceTree = "<group>";
		};
		846530542A2AE626004544F0 /* SplashScreen */ = {
			isa = PBXGroup;
			children = (
				846530552A2AE636004544F0 /* View */,
			);
			name = SplashScreen;
			sourceTree = "<group>";
		};
		846530552A2AE636004544F0 /* View */ = {
			isa = PBXGroup;
			children = (
				846530522A2AE4BE004544F0 /* SplashViewController.swift */,
			);
			name = View;
			sourceTree = "<group>";
		};
		846530562A2AE8B3004544F0 /* AppDelegate */ = {
			isa = PBXGroup;
			children = (
				8465303E2A2AE484004544F0 /* AppDelegate.swift */,
			);
			name = AppDelegate;
			sourceTree = "<group>";
		};
		846530572A2AE8C5004544F0 /* WelcomeScreen */ = {
			isa = PBXGroup;
			children = (
				84A6CDE82A2B143600D9DCC9 /* Model */,
				84A6CDE72A2B143000D9DCC9 /* ViewModel */,
				84A6CDE62A2B142A00D9DCC9 /* Views */,
			);
			name = WelcomeScreen;
			sourceTree = "<group>";
		};
		846530582A2AE8D2004544F0 /* Plist Files */ = {
			isa = PBXGroup;
			children = (
				8465304C2A2AE485004544F0 /* Info.plist */,
			);
			name = "Plist Files";
			sourceTree = "<group>";
		};
		846530592A2AE927004544F0 /* BaseClasses */ = {
			isa = PBXGroup;
			children = (
				8465305A2A2AE93F004544F0 /* BaseViewController.swift */,
			);
			name = BaseClasses;
			sourceTree = "<group>";
		};
		84A6CDE62A2B142A00D9DCC9 /* Views */ = {
			isa = PBXGroup;
			children = (
				84A6CDED2A2B15EE00D9DCC9 /* UITableViews */,
				846530422A2AE484004544F0 /* WelcomeViewController.swift */,
				84A6CDEB2A2B15A100D9DCC9 /* WelcomeViewController+Extension.swift */,
			);
			name = Views;
			sourceTree = "<group>";
		};
		84A6CDE72A2B143000D9DCC9 /* ViewModel */ = {
			isa = PBXGroup;
			children = (
				84A6CDE92A2B144700D9DCC9 /* WelcomeViewModel.swift */,
			);
			name = ViewModel;
			sourceTree = "<group>";
		};
		84A6CDE82A2B143600D9DCC9 /* Model */ = {
			isa = PBXGroup;
			children = (
				84A6CDF82A2B20AE00D9DCC9 /* WelcomeModel.swift */,
			);
			name = Model;
			sourceTree = "<group>";
		};
		84A6CDED2A2B15EE00D9DCC9 /* UITableViews */ = {
			isa = PBXGroup;
			children = (
				84A6CDEE2A2B161D00D9DCC9 /* WelcomeTableViewCell.swift */,
				84A6CDEF2A2B161D00D9DCC9 /* WelcomeTableViewCell.xib */,
			);
			name = UITableViews;
			sourceTree = "<group>";
		};
		84A6CDF22A2B17F100D9DCC9 /* Helpers */ = {
			isa = PBXGroup;
			children = (
				84A6CDF32A2B17FE00D9DCC9 /* Constans.swift */,
				844ECD0D2A2B77CD0078564C /* ImageCache.swift */,
			);
			name = Helpers;
			sourceTree = "<group>";
		};
		84A6CDF52A2B1C3B00D9DCC9 /* WebService Handler */ = {
			isa = PBXGroup;
			children = (
				84A6CDF62A2B1C4B00D9DCC9 /* URLConstants.swift */,
			);
			name = "WebService Handler";
			sourceTree = "<group>";
		};
		CA5B61D4963734C9100DBF12 /* Frameworks */ = {
			isa = PBXGroup;
			children = (
				E2FE858A67CE756A44B1625F /* Pods_TestProject.framework */,
			);
			name = Frameworks;
			sourceTree = "<group>";
		};
/* End PBXGroup section */

/* Begin PBXNativeTarget section */
		8465303A2A2AE484004544F0 /* TestProject */ = {
			isa = PBXNativeTarget;
			buildConfigurationList = 8465304F2A2AE485004544F0 /* Build configuration list for PBXNativeTarget "TestProject" */;
			buildPhases = (
				6104791EAC61A034619F727C /* [CP] Check Pods Manifest.lock */,
				846530372A2AE484004544F0 /* Sources */,
				846530382A2AE484004544F0 /* Frameworks */,
				846530392A2AE484004544F0 /* Resources */,
				1EF9EDA6E647FC091312FE37 /* [CP] Embed Pods Frameworks */,
			);
			buildRules = (
			);
			dependencies = (
			);
			name = TestProject;
			productName = TestProject;
			productReference = 8465303B2A2AE484004544F0 /* TestProject.app */;
			productType = "com.apple.product-type.application";
		};
/* End PBXNativeTarget section */

/* Begin PBXProject section */
		846530332A2AE484004544F0 /* Project object */ = {
			isa = PBXProject;
			attributes = {
				BuildIndependentTargetsInParallel = 1;
				LastSwiftUpdateCheck = 1430;
				LastUpgradeCheck = 1430;
				TargetAttributes = {
					8465303A2A2AE484004544F0 = {
						CreatedOnToolsVersion = 14.3;
					};
				};
			};
			buildConfigurationList = 846530362A2AE484004544F0 /* Build configuration list for PBXProject "TestProject" */;
			compatibilityVersion = "Xcode 14.0";
			developmentRegion = en;
			hasScannedForEncodings = 0;
			knownRegions = (
				en,
				Base,
			);
			mainGroup = 846530322A2AE484004544F0;
			productRefGroup = 8465303C2A2AE484004544F0 /* Products */;
			projectDirPath = "";
			projectRoot = "";
			targets = (
				8465303A2A2AE484004544F0 /* TestProject */,
			);
		};
/* End PBXProject section */

/* Begin PBXResourcesBuildPhase section */
		846530392A2AE484004544F0 /* Resources */ = {
			isa = PBXResourcesBuildPhase;
			buildActionMask = 2147483647;
			files = (
				84A6CDF12A2B161D00D9DCC9 /* WelcomeTableViewCell.xib in Resources */,
				8465304B2A2AE485004544F0 /* LaunchScreen.storyboard in Resources */,
				845191B82A2B8CF5007188C7 /* PopupViewController.xib in Resources */,
				846530482A2AE485004544F0 /* Assets.xcassets in Resources */,
				846530462A2AE484004544F0 /* Main.storyboard in Resources */,
			);
			runOnlyForDeploymentPostprocessing = 0;
		};
/* End PBXResourcesBuildPhase section */

/* Begin PBXShellScriptBuildPhase section */
		1EF9EDA6E647FC091312FE37 /* [CP] Embed Pods Frameworks */ = {
			isa = PBXShellScriptBuildPhase;
			buildActionMask = 2147483647;
			files = (
			);
			inputFileListPaths = (
				"${PODS_ROOT}/Target Support Files/Pods-TestProject/Pods-TestProject-frameworks-${CONFIGURATION}-input-files.xcfilelist",
			);
			name = "[CP] Embed Pods Frameworks";
			outputFileListPaths = (
				"${PODS_ROOT}/Target Support Files/Pods-TestProject/Pods-TestProject-frameworks-${CONFIGURATION}-output-files.xcfilelist",
			);
			runOnlyForDeploymentPostprocessing = 0;
			shellPath = /bin/sh;
			shellScript = "\"${PODS_ROOT}/Target Support Files/Pods-TestProject/Pods-TestProject-frameworks.sh\"\n";
			showEnvVarsInLog = 0;
		};
		6104791EAC61A034619F727C /* [CP] Check Pods Manifest.lock */ = {
			isa = PBXShellScriptBuildPhase;
			buildActionMask = 2147483647;
			files = (
			);
			inputFileListPaths = (
			);
			inputPaths = (
				"${PODS_PODFILE_DIR_PATH}/Podfile.lock",
				"${PODS_ROOT}/Manifest.lock",
			);
			name = "[CP] Check Pods Manifest.lock";
			outputFileListPaths = (
			);
			outputPaths = (
				"$(DERIVED_FILE_DIR)/Pods-TestProject-checkManifestLockResult.txt",
			);
			runOnlyForDeploymentPostprocessing = 0;
			shellPath = /bin/sh;
			shellScript = "diff \"${PODS_PODFILE_DIR_PATH}/Podfile.lock\" \"${PODS_ROOT}/Manifest.lock\" > /dev/null\nif [ $? != 0 ] ; then\n    # print error to STDERR\n    echo \"error: The sandbox is not in sync with the Podfile.lock. Run 'pod install' or update your CocoaPods installation.\" >&2\n    exit 1\nfi\n# This output is used by Xcode 'outputs' to avoid re-running this script phase.\necho \"SUCCESS\" > \"${SCRIPT_OUTPUT_FILE_0}\"\n";
			showEnvVarsInLog = 0;
		};
/* End PBXShellScriptBuildPhase section */

/* Begin PBXSourcesBuildPhase section */
		846530372A2AE484004544F0 /* Sources */ = {
			isa = PBXSourcesBuildPhase;
			buildActionMask = 2147483647;
			files = (
				844ECD0E2A2B77CD0078564C /* ImageCache.swift in Sources */,
				846530432A2AE484004544F0 /* WelcomeViewController.swift in Sources */,
				84A6CDEA2A2B144700D9DCC9 /* WelcomeViewModel.swift in Sources */,
				84A6CDF42A2B17FE00D9DCC9 /* Constans.swift in Sources */,
				8465305B2A2AE93F004544F0 /* BaseViewController.swift in Sources */,
				84A6CDF92A2B20AE00D9DCC9 /* WelcomeModel.swift in Sources */,
				84A6CDEC2A2B15A100D9DCC9 /* WelcomeViewController+Extension.swift in Sources */,
				8465303F2A2AE484004544F0 /* AppDelegate.swift in Sources */,
				84A6CDF72A2B1C4B00D9DCC9 /* URLConstants.swift in Sources */,
				84A6CDF02A2B161D00D9DCC9 /* WelcomeTableViewCell.swift in Sources */,
				846530532A2AE4BE004544F0 /* SplashViewController.swift in Sources */,
				845191B72A2B8CF5007188C7 /* PopupViewController.swift in Sources */,
			);
			runOnlyForDeploymentPostprocessing = 0;
		};
/* End PBXSourcesBuildPhase section */

/* Begin PBXVariantGroup section */
		846530442A2AE484004544F0 /* Main.storyboard */ = {
			isa = PBXVariantGroup;
			children = (
				846530452A2AE484004544F0 /* Base */,
			);
			name = Main.storyboard;
			sourceTree = "<group>";
		};
		846530492A2AE485004544F0 /* LaunchScreen.storyboard */ = {
			isa = PBXVariantGroup;
			children = (
				8465304A2A2AE485004544F0 /* Base */,
			);
			name = LaunchScreen.storyboard;
			sourceTree = "<group>";
		};
/* End PBXVariantGroup section */

/* Begin XCBuildConfiguration section */
		8465304D2A2AE485004544F0 /* Debug */ = {
			isa = XCBuildConfiguration;
			buildSettings = {
				ALWAYS_SEARCH_USER_PATHS = NO;
				CLANG_ANALYZER_NONNULL = YES;
				CLANG_ANALYZER_NUMBER_OBJECT_CONVERSION = YES_AGGRESSIVE;
				CLANG_CXX_LANGUAGE_STANDARD = "gnu++20";
				CLANG_ENABLE_MODULES = YES;
				CLANG_ENABLE_OBJC_ARC = YES;
				CLANG_ENABLE_OBJC_WEAK = YES;
				CLANG_WARN_BLOCK_CAPTURE_AUTORELEASING = YES;
				CLANG_WARN_BOOL_CONVERSION = YES;
				CLANG_WARN_COMMA = YES;
				CLANG_WARN_CONSTANT_CONVERSION = YES;
				CLANG_WARN_DEPRECATED_OBJC_IMPLEMENTATIONS = YES;
				CLANG_WARN_DIRECT_OBJC_ISA_USAGE = YES_ERROR;
				CLANG_WARN_DOCUMENTATION_COMMENTS = YES;
				CLANG_WARN_EMPTY_BODY = YES;
				CLANG_WARN_ENUM_CONVERSION = YES;
				CLANG_WARN_INFINITE_RECURSION = YES;
				CLANG_WARN_INT_CONVERSION = YES;
				CLANG_WARN_NON_LITERAL_NULL_CONVERSION = YES;
				CLANG_WARN_OBJC_IMPLICIT_RETAIN_SELF = YES;
				CLANG_WARN_OBJC_LITERAL_CONVERSION = YES;
				CLANG_WARN_OBJC_ROOT_CLASS = YES_ERROR;
				CLANG_WARN_QUOTED_INCLUDE_IN_FRAMEWORK_HEADER = YES;
				CLANG_WARN_RANGE_LOOP_ANALYSIS = YES;
				CLANG_WARN_STRICT_PROTOTYPES = YES;
				CLANG_WARN_SUSPICIOUS_MOVE = YES;
				CLANG_WARN_UNGUARDED_AVAILABILITY = YES_AGGRESSIVE;
				CLANG_WARN_UNREACHABLE_CODE = YES;
				CLANG_WARN__DUPLICATE_METHOD_MATCH = YES;
				COPY_PHASE_STRIP = NO;
				DEBUG_INFORMATION_FORMAT = dwarf;
				ENABLE_STRICT_OBJC_MSGSEND = YES;
				ENABLE_TESTABILITY = YES;
				GCC_C_LANGUAGE_STANDARD = gnu11;
				GCC_DYNAMIC_NO_PIC = NO;
				GCC_NO_COMMON_BLOCKS = YES;
				GCC_OPTIMIZATION_LEVEL = 0;
				GCC_PREPROCESSOR_DEFINITIONS = (
					"DEBUG=1",
					"$(inherited)",
				);
				GCC_WARN_64_TO_32_BIT_CONVERSION = YES;
				GCC_WARN_ABOUT_RETURN_TYPE = YES_ERROR;
				GCC_WARN_UNDECLARED_SELECTOR = YES;
				GCC_WARN_UNINITIALIZED_AUTOS = YES_AGGRESSIVE;
				GCC_WARN_UNUSED_FUNCTION = YES;
				GCC_WARN_UNUSED_VARIABLE = YES;
				IPHONEOS_DEPLOYMENT_TARGET = 16.4;
				MTL_ENABLE_DEBUG_INFO = INCLUDE_SOURCE;
				MTL_FAST_MATH = YES;
				ONLY_ACTIVE_ARCH = YES;
				SDKROOT = iphoneos;
				SWIFT_ACTIVE_COMPILATION_CONDITIONS = DEBUG;
				SWIFT_OPTIMIZATION_LEVEL = "-Onone";
			};
			name = Debug;
		};
		8465304E2A2AE485004544F0 /* Release */ = {
			isa = XCBuildConfiguration;
			buildSettings = {
				ALWAYS_SEARCH_USER_PATHS = NO;
				CLANG_ANALYZER_NONNULL = YES;
				CLANG_ANALYZER_NUMBER_OBJECT_CONVERSION = YES_AGGRESSIVE;
				CLANG_CXX_LANGUAGE_STANDARD = "gnu++20";
				CLANG_ENABLE_MODULES = YES;
				CLANG_ENABLE_OBJC_ARC = YES;
				CLANG_ENABLE_OBJC_WEAK = YES;
				CLANG_WARN_BLOCK_CAPTURE_AUTORELEASING = YES;
				CLANG_WARN_BOOL_CONVERSION = YES;
				CLANG_WARN_COMMA = YES;
				CLANG_WARN_CONSTANT_CONVERSION = YES;
				CLANG_WARN_DEPRECATED_OBJC_IMPLEMENTATIONS = YES;
				CLANG_WARN_DIRECT_OBJC_ISA_USAGE = YES_ERROR;
				CLANG_WARN_DOCUMENTATION_COMMENTS = YES;
				CLANG_WARN_EMPTY_BODY = YES;
				CLANG_WARN_ENUM_CONVERSION = YES;
				CLANG_WARN_INFINITE_RECURSION = YES;
				CLANG_WARN_INT_CONVERSION = YES;
				CLANG_WARN_NON_LITERAL_NULL_CONVERSION = YES;
				CLANG_WARN_OBJC_IMPLICIT_RETAIN_SELF = YES;
				CLANG_WARN_OBJC_LITERAL_CONVERSION = YES;
				CLANG_WARN_OBJC_ROOT_CLASS = YES_ERROR;
				CLANG_WARN_QUOTED_INCLUDE_IN_FRAMEWORK_HEADER = YES;
				CLANG_WARN_RANGE_LOOP_ANALYSIS = YES;
				CLANG_WARN_STRICT_PROTOTYPES = YES;
				CLANG_WARN_SUSPICIOUS_MOVE = YES;
				CLANG_WARN_UNGUARDED_AVAILABILITY = YES_AGGRESSIVE;
				CLANG_WARN_UNREACHABLE_CODE = YES;
				CLANG_WARN__DUPLICATE_METHOD_MATCH = YES;
				COPY_PHASE_STRIP = NO;
				DEBUG_INFORMATION_FORMAT = "dwarf-with-dsym";
				ENABLE_NS_ASSERTIONS = NO;
				ENABLE_STRICT_OBJC_MSGSEND = YES;
				GCC_C_LANGUAGE_STANDARD = gnu11;
				GCC_NO_COMMON_BLOCKS = YES;
				GCC_WARN_64_TO_32_BIT_CONVERSION = YES;
				GCC_WARN_ABOUT_RETURN_TYPE = YES_ERROR;
				GCC_WARN_UNDECLARED_SELECTOR = YES;
				GCC_WARN_UNINITIALIZED_AUTOS = YES_AGGRESSIVE;
				GCC_WARN_UNUSED_FUNCTION = YES;
				GCC_WARN_UNUSED_VARIABLE = YES;
				IPHONEOS_DEPLOYMENT_TARGET = 16.4;
				MTL_ENABLE_DEBUG_INFO = NO;
				MTL_FAST_MATH = YES;
				SDKROOT = iphoneos;
				SWIFT_COMPILATION_MODE = wholemodule;
				SWIFT_OPTIMIZATION_LEVEL = "-O";
				VALIDATE_PRODUCT = YES;
			};
			name = Release;
		};
		846530502A2AE485004544F0 /* Debug */ = {
			isa = XCBuildConfiguration;
			baseConfigurationReference = E518F4FA1FEE0E484497B1C9 /* Pods-TestProject.debug.xcconfig */;
			buildSettings = {
				ASSETCATALOG_COMPILER_APPICON_NAME = AppIcon;
				ASSETCATALOG_COMPILER_GLOBAL_ACCENT_COLOR_NAME = AccentColor;
				CODE_SIGN_STYLE = Automatic;
				CURRENT_PROJECT_VERSION = 1;
				GENERATE_INFOPLIST_FILE = YES;
				INFOPLIST_FILE = TestProject/Info.plist;
				INFOPLIST_KEY_UIApplicationSupportsIndirectInputEvents = YES;
				INFOPLIST_KEY_UILaunchStoryboardName = Main;
				INFOPLIST_KEY_UIMainStoryboardFile = Main;
				INFOPLIST_KEY_UISupportedInterfaceOrientations_iPad = "UIInterfaceOrientationPortrait UIInterfaceOrientationPortraitUpsideDown UIInterfaceOrientationLandscapeLeft UIInterfaceOrientationLandscapeRight";
				INFOPLIST_KEY_UISupportedInterfaceOrientations_iPhone = "UIInterfaceOrientationPortrait UIInterfaceOrientationLandscapeLeft UIInterfaceOrientationLandscapeRight";
				IPHONEOS_DEPLOYMENT_TARGET = 12.0;
				LD_RUNPATH_SEARCH_PATHS = (
					"$(inherited)",
					"@executable_path/Frameworks",
				);
				MARKETING_VERSION = 1.0;
				PRODUCT_BUNDLE_IDENTIFIER = test.TestProject;
				PRODUCT_NAME = "$(TARGET_NAME)";
				SWIFT_EMIT_LOC_STRINGS = YES;
				SWIFT_VERSION = 5.0;
				TARGETED_DEVICE_FAMILY = "1,2";
			};
			name = Debug;
		};
		846530512A2AE485004544F0 /* Release */ = {
			isa = XCBuildConfiguration;
			baseConfigurationReference = A0D5276EBE3420B594782A32 /* Pods-TestProject.release.xcconfig */;
			buildSettings = {
				ASSETCATALOG_COMPILER_APPICON_NAME = AppIcon;
				ASSETCATALOG_COMPILER_GLOBAL_ACCENT_COLOR_NAME = AccentColor;
				CODE_SIGN_STYLE = Automatic;
				CURRENT_PROJECT_VERSION = 1;
				GENERATE_INFOPLIST_FILE = YES;
				INFOPLIST_FILE = TestProject/Info.plist;
				INFOPLIST_KEY_UIApplicationSupportsIndirectInputEvents = YES;
				INFOPLIST_KEY_UILaunchStoryboardName = Main;
				INFOPLIST_KEY_UIMainStoryboardFile = Main;
				INFOPLIST_KEY_UISupportedInterfaceOrientations_iPad = "UIInterfaceOrientationPortrait UIInterfaceOrientationPortraitUpsideDown UIInterfaceOrientationLandscapeLeft UIInterfaceOrientationLandscapeRight";
				INFOPLIST_KEY_UISupportedInterfaceOrientations_iPhone = "UIInterfaceOrientationPortrait UIInterfaceOrientationLandscapeLeft UIInterfaceOrientationLandscapeRight";
				IPHONEOS_DEPLOYMENT_TARGET = 12.0;
				LD_RUNPATH_SEARCH_PATHS = (
					"$(inherited)",
					"@executable_path/Frameworks",
				);
				MARKETING_VERSION = 1.0;
				PRODUCT_BUNDLE_IDENTIFIER = test.TestProject;
				PRODUCT_NAME = "$(TARGET_NAME)";
				SWIFT_EMIT_LOC_STRINGS = YES;
				SWIFT_VERSION = 5.0;
				TARGETED_DEVICE_FAMILY = "1,2";
			};
			name = Release;
		};
/* End XCBuildConfiguration section */

/* Begin XCConfigurationList section */
		846530362A2AE484004544F0 /* Build configuration list for PBXProject "TestProject" */ = {
			isa = XCConfigurationList;
			buildConfigurations = (
				8465304D2A2AE485004544F0 /* Debug */,
				8465304E2A2AE485004544F0 /* Release */,
			);
			defaultConfigurationIsVisible = 0;
			defaultConfigurationName = Release;
		};
		8465304F2A2AE485004544F0 /* Build configuration list for PBXNativeTarget "TestProject" */ = {
			isa = XCConfigurationList;
			buildConfigurations = (
				846530502A2AE485004544F0 /* Debug */,
				846530512A2AE485004544F0 /* Release */,
			);
			defaultConfigurationIsVisible = 0;
			defaultConfigurationName = Release;
		};
/* End XCConfigurationList section */
	};
	rootObject = 846530332A2AE484004544F0 /* Project object */;
}
